PODS:
  - Alamofire (4.5.0)
  - CHTCollectionViewWaterfallLayout (0.9.6):
    - CHTCollectionViewWaterfallLayout/ObjC (= 0.9.6)
  - CHTCollectionViewWaterfallLayout/ObjC (0.9.6)
  - ESPullToRefresh (2.6)
  - Kanna (2.1.1)
  - Kingfisher (3.10.3)
  - OAuthSwift (1.1.2)
  - PINCache (3.0.1-beta.5):
    - PINCache/Arc-exception-safe (= 3.0.1-beta.5)
    - PINCache/Core (= 3.0.1-beta.5)
  - PINCache/Arc-exception-safe (3.0.1-beta.5):
    - PINCache/Core
  - PINCache/Core (3.0.1-beta.5):
    - PINOperation (= 1.0.3)
  - PINOperation (1.0.3)
  - PINRemoteImage/Core (3.0.0-beta.11):
    - PINOperation
  - PINRemoteImage/iOS (3.0.0-beta.11):
    - PINRemoteImage/Core
  - PINRemoteImage/PINCache (3.0.0-beta.11):
    - PINCache (= 3.0.1-beta.5)
    - PINRemoteImage/Core
  - ReactiveCocoa (5.0.4):
    - ReactiveSwift (~> 1.1)
  - ReactiveSwift (1.1.5):
    - Result (~> 3.2)
  - Realm (2.8.3):
    - Realm/Headers (= 2.8.3)
  - Realm/Headers (2.8.3)
  - RealmSwift (2.8.3):
    - Realm (= 2.8.3)
  - Result (3.2.3)
  - Reveal-iOS-SDK (1.6.2)
  - SnapKit (3.2.0)
  - Socket.IO-Client-Swift (10.0.1)
  - SwiftHEXColors (1.1.0)
  - SwiftyJSON (3.1.4)
  - Texture (2.3.4):
    - Texture/PINRemoteImage (= 2.3.4)
  - Texture/Core (2.3.4)
  - Texture/PINRemoteImage (2.3.4):
    - PINRemoteImage/iOS (= 3.0.0-beta.11)
    - PINRemoteImage/PINCache
    - Texture/Core

DEPENDENCIES:
  - Alamofire
  - CHTCollectionViewWaterfallLayout
  - ESPullToRefresh
  - Kanna (~> 2.1.0)
  - Kingfisher
  - OAuthSwift (~> 1.1.0)
  - ReactiveCocoa (~> 5.0)
  - ReactiveSwift (~> 1.1)
  - RealmSwift
  - Reveal-iOS-SDK
  - SnapKit
  - Socket.IO-Client-Swift (~> 10.0.0)
  - SwiftHEXColors
  - SwiftyJSON
  - Texture

SPEC CHECKSUMS:
  Alamofire: f28cdffd29de33a7bfa022cbd63ae95a27fae140
  CHTCollectionViewWaterfallLayout: f4dab06db57b36dcf29e802594175acc76c56615
  ESPullToRefresh: 85f4990acf87f78c6a1466bbbee7a75d7de24db9
  Kanna: 9b4b086c218703f2b94f5b21a466217dd2f9332e
  Kingfisher: a0ac82dc5bcf0388dd74b294cf2cc13730c63436
  OAuthSwift: 5aa5659984d3ca3206ba636a9e7a9c6626b2e8bd
  PINCache: 98e7b1ef782824ad231ade51987c218b758c30d8
  PINOperation: ac23db44796d4a564ecf9b5ea7163510f579b71d
  PINRemoteImage: d71988f11914a050d6d4cf51efc4ad1de8c0a9d8
  ReactiveCocoa: b31e754d15937811ede648fc83cd68f5de70a3d4
  ReactiveSwift: 3fea31f8fc49f112d2dc613282c5d395c4d167bb
  Realm: 3601ef091c8c499a31101d8563b991e75546cdce
  RealmSwift: 8183818515471b01a99abdd2970f8e4fd52b6f4a
  Result: 128640a6347e8d2ae48b142556739a2d13f90ce6
  Reveal-iOS-SDK: e2250b3c155bcfac53ae223ddc1f76d08f206c33
  SnapKit: 1ca44df72cfa543218d177cb8aab029d10d86ea7
  Socket.IO-Client-Swift: f6553633ba6a01df8f1c8b583ec36560901e9de6
  SwiftHEXColors: 8f7e364df7929e32cff9f9eeb044bb215167d6be
  SwiftyJSON: c2842d878f95482ffceec5709abc3d05680c0220
  Texture: 8cf0872fe33328c20d7e6c1fcbf1f23a82162f2f

PODFILE CHECKSUM: d8b7bf351b711706d9c3311fb242a1f7c76506db

COCOAPODS: 1.3.1
